{
  "name": "aws-simplevpc",
  "version": "0.1.0",
  "lockfileVersion": 1,
  "requires": true,
  "dependencies": {
    "bignumber.js": {
      "version": "7.2.1",
      "resolved": "https://registry.npmjs.org/bignumber.js/-/bignumber.js-7.2.1.tgz",
      "integrity": "sha512-S4XzBk5sMB+Rcb/LNcpzXr57VRTxgAvaAEDAl1AwRx27j00hT84O6OkteE7u8UB3NuaaygCRrEpqox4uDOrbdQ==",
      "dev": true
    },
    "cidr-split": {
      "version": "0.1.2",
      "resolved": "https://registry.npmjs.org/cidr-split/-/cidr-split-0.1.2.tgz",
      "integrity": "sha512-kGtEi2XkWDPZJrIASRgwIW7VauA7i5bc7GBt06I4XQJPIRjbD0QtKr2HzW1FsRxIGi+IaGta98r2BvwU1uWmNQ==",
      "dev": true,
      "requires": {
        "bignumber.js": "7.2.1"
      }
    },
    "serverless-vpc-plugin": {
      "version": "1.0.2",
      "resolved": "https://registry.npmjs.org/serverless-vpc-plugin/-/serverless-vpc-plugin-1.0.2.tgz",
      "integrity": "sha512-/1MJ1avyb0AoJs93HbdmbSUqtkxz17uRWSlYlAgAMRewJj4f0MDu/NmZWVTtRzOTMqFbqrX0aJrhg6IS7x/bGg==",
      "dev": true,
      "requires": {
        "cidr-split": "0.1.2"
      }
    }
  }
}
